<?xml version="1.0" encoding="utf-8"?>
<Project xmlns="http://schemas.microsoft.com/developer/msbuild/2003">
  <ItemGroup>
    <Filter Include="Form Files">
      <UniqueIdentifier>{99349809-55BA-4b9d-BF79-8FDBB0286EB3}</UniqueIdentifier>
      <Extensions>ui</Extensions>
      <ParseFiles>false</ParseFiles>
    </Filter>
    <Filter Include="Form Files">
      <UniqueIdentifier>{99349809-55BA-4b9d-BF79-8FDBB0286EB3}</UniqueIdentifier>
      <Extensions>ui</Extensions>
      <ParseFiles>false</ParseFiles>
    </Filter>
    <Filter Include="Generated Files">
      <UniqueIdentifier>{71ED8ED8-ACB9-4CE9-BBE1-E00B30144E11}</UniqueIdentifier>
      <Extensions>cpp;c;cxx;moc;h;def;odl;idl;res;</Extensions>
    </Filter>
    <Filter Include="Generated Files">
      <UniqueIdentifier>{71ED8ED8-ACB9-4CE9-BBE1-E00B30144E11}</UniqueIdentifier>
      <Extensions>cpp;c;cxx;moc;h;def;odl;idl;res;</Extensions>
    </Filter>
    <Filter Include="Header Files">
      <UniqueIdentifier>{93995380-89BD-4b04-88EB-625FBE52EBFB}</UniqueIdentifier>
      <Extensions>h;hpp;hxx;hm;inl;inc;xsd</Extensions>
    </Filter>
    <Filter Include="Header Files">
      <UniqueIdentifier>{93995380-89BD-4b04-88EB-625FBE52EBFB}</UniqueIdentifier>
      <Extensions>h;hpp;hxx;hm;inl;inc;xsd</Extensions>
    </Filter>
    <Filter Include="Resource Files">
      <UniqueIdentifier>{D9D6E242-F8AF-46E4-B9FD-80ECBC20BA3E}</UniqueIdentifier>
      <Extensions>qrc;*</Extensions>
      <ParseFiles>false</ParseFiles>
    </Filter>
    <Filter Include="Resource Files">
      <UniqueIdentifier>{D9D6E242-F8AF-46E4-B9FD-80ECBC20BA3E}</UniqueIdentifier>
      <Extensions>qrc;*</Extensions>
      <ParseFiles>false</ParseFiles>
    </Filter>
    <Filter Include="Source Files">
      <UniqueIdentifier>{4FC737F1-C7A5-4376-A066-2A32D752A2FF}</UniqueIdentifier>
      <Extensions>cpp;c;cxx;def;odl;idl;hpj;bat;asm;asmx</Extensions>
    </Filter>
    <Filter Include="Source Files">
      <UniqueIdentifier>{4FC737F1-C7A5-4376-A066-2A32D752A2FF}</UniqueIdentifier>
      <Extensions>cpp;c;cxx;def;odl;idl;hpj;bat;asm;asmx</Extensions>
    </Filter>
    <Filter Include="Distribution Files">
      <UniqueIdentifier>{B83CAF91-C7BF-462F-B76C-EA11631F866C}</UniqueIdentifier>
      <Extensions>*</Extensions>
      <ParseFiles>false</ParseFiles>
    </Filter>
    <Filter Include="Distribution Files">
      <UniqueIdentifier>{B83CAF91-C7BF-462F-B76C-EA11631F866C}</UniqueIdentifier>
      <Extensions>*</Extensions>
      <ParseFiles>false</ParseFiles>
    </Filter>
  </ItemGroup>
  <ItemGroup>
    <ClCompile Include="aboutwindow.cpp">
      <Filter>Source Files</Filter>
    </ClCompile>
    <ClCompile Include="addsiblings.cpp">
      <Filter>Source Files</Filter>
    </ClCompile>
    <ClCompile Include="apptrayicon.cpp">
      <Filter>Source Files</Filter>
    </ClCompile>
    <ClCompile Include="backup.cpp">
      <Filter>Source Files</Filter>
    </ClCompile>
    <ClCompile Include="button_input_widget.cpp">
      <Filter>Source Files</Filter>
    </ClCompile>
    <ClCompile Include="checkablesortfilterproxymodel.cpp">
      <Filter>Source Files</Filter>
    </ClCompile>
    <ClCompile Include="clickablelabel.cpp">
      <Filter>Source Files</Filter>
    </ClCompile>
    <ClCompile Include="colorbutton.cpp">
      <Filter>Source Files</Filter>
    </ClCompile>
    <ClCompile Include="colorpicker.cpp">
      <Filter>Source Files</Filter>
    </ClCompile>
    <ClCompile Include="conditionsedit.cpp">
      <Filter>Source Files</Filter>
    </ClCompile>
    <ClCompile Include="conditionswidget.cpp">
      <Filter>Source Files</Filter>
    </ClCompile>
    <ClCompile Include="datahelper.cpp">
      <Filter>Source Files</Filter>
    </ClCompile>
    <ClCompile Include="dataiohelper.cpp">
      <Filter>Source Files</Filter>
    </ClCompile>
    <ClCompile Include="dboptimizer.cpp">
      <Filter>Source Files</Filter>
    </ClCompile>
    <ClCompile Include="dieteditor.cpp">
      <Filter>Source Files</Filter>
    </ClCompile>
    <ClCompile Include="drugexapnder.cpp">
      <Filter>Source Files</Filter>
    </ClCompile>
    <ClCompile Include="drugindex.cpp">
      <Filter>Source Files</Filter>
    </ClCompile>
    <ClCompile Include="drugsitemmodel.cpp">
      <Filter>Source Files</Filter>
    </ClCompile>
    <ClCompile Include="drugsline.cpp">
      <Filter>Source Files</Filter>
    </ClCompile>
    <ClCompile Include="drugstable.cpp">
      <Filter>Source Files</Filter>
    </ClCompile>
    <ClCompile Include="email.cpp">
      <Filter>Source Files</Filter>
    </ClCompile>
    <ClCompile Include="emptyprofiles.cpp">
      <Filter>Source Files</Filter>
    </ClCompile>
    <ClCompile Include="errorlogviewer.cpp">
      <Filter>Source Files</Filter>
    </ClCompile>
    <ClCompile Include="excelexport.cpp">
      <Filter>Source Files</Filter>
    </ClCompile>
    <ClCompile Include="expecteddeliveries.cpp">
      <Filter>Source Files</Filter>
    </ClCompile>
    <ClCompile Include="favouritedosedelegate.cpp">
      <Filter>Source Files</Filter>
    </ClCompile>
    <ClCompile Include="favouritedrugseditor.cpp">
      <Filter>Source Files</Filter>
    </ClCompile>
    <ClCompile Include="filegrabber.cpp">
      <Filter>Source Files</Filter>
    </ClCompile>
    <ClCompile Include="genericlineedit.cpp">
      <Filter>Source Files</Filter>
    </ClCompile>
    <ClCompile Include="genericonlinesearch.cpp">
      <Filter>Source Files</Filter>
    </ClCompile>
    <ClCompile Include="getinvestigationname.cpp">
      <Filter>Source Files</Filter>
    </ClCompile>
    <ClCompile Include="internet.cpp">
      <Filter>Source Files</Filter>
    </ClCompile>
    <ClCompile Include="inveslist.cpp">
      <Filter>Source Files</Filter>
    </ClCompile>
    <ClCompile Include="investmodel.cpp">
      <Filter>Source Files</Filter>
    </ClCompile>
    <ClCompile Include="investtable.cpp">
      <Filter>Source Files</Filter>
    </ClCompile>
    <ClCompile Include="inviconhelper.cpp">
      <Filter>Source Files</Filter>
    </ClCompile>
    <ClCompile Include="list_style_widget.cpp">
      <Filter>Source Files</Filter>
    </ClCompile>
    <ClCompile Include="listeditor.cpp">
      <Filter>Source Files</Filter>
    </ClCompile>
    <ClCompile Include="m_scolorbutton.cpp">
      <Filter>Source Files</Filter>
    </ClCompile>
    <ClCompile Include="main.cpp">
      <Filter>Source Files</Filter>
    </ClCompile>
    <ClCompile Include="mainwindow.cpp">
      <Filter>Source Files</Filter>
    </ClCompile>
    <ClCompile Include="massistant.cpp">
      <Filter>Source Files</Filter>
    </ClCompile>
    <ClCompile Include="mcalendarwidget.cpp">
      <Filter>Source Files</Filter>
    </ClCompile>
    <ClCompile Include="mcashtableview.cpp">
      <Filter>Source Files</Filter>
    </ClCompile>
    <ClCompile Include="mcheckbox.cpp">
      <Filter>Source Files</Filter>
    </ClCompile>
    <ClCompile Include="mcolorpicker.cpp">
      <Filter>Source Files</Filter>
    </ClCompile>
    <ClCompile Include="mcompleter.cpp">
      <Filter>Source Files</Filter>
    </ClCompile>
    <ClCompile Include="mdialog.cpp">
      <Filter>Source Files</Filter>
    </ClCompile>
    <ClCompile Include="mergedlg.cpp">
      <Filter>Source Files</Filter>
    </ClCompile>
    <ClCompile Include="mfontcombobox.cpp">
      <Filter>Source Files</Filter>
    </ClCompile>
    <ClCompile Include="mgraphicsview.cpp">
      <Filter>Source Files</Filter>
    </ClCompile>
    <ClCompile Include="microupdater.cpp">
      <Filter>Source Files</Filter>
    </ClCompile>
    <ClCompile Include="miniupdater.cpp">
      <Filter>Source Files</Filter>
    </ClCompile>
    <ClCompile Include="mlabelmsg.cpp">
      <Filter>Source Files</Filter>
    </ClCompile>
    <ClCompile Include="mlineedit.cpp">
      <Filter>Source Files</Filter>
    </ClCompile>
    <ClCompile Include="mmessagebox.cpp">
      <Filter>Source Files</Filter>
    </ClCompile>
    <ClCompile Include="mpatientfilter.cpp">
      <Filter>Source Files</Filter>
    </ClCompile>
    <ClCompile Include="mprintpreviewdialog.cpp">
      <Filter>Source Files</Filter>
    </ClCompile>
    <ClCompile Include="mpushbutton.cpp">
      <Filter>Source Files</Filter>
    </ClCompile>
    <ClCompile Include="mrequestviewer.cpp">
      <Filter>Source Files</Filter>
    </ClCompile>
    <ClCompile Include="msettings.cpp">
      <Filter>Source Files</Filter>
    </ClCompile>
    <ClCompile Include="mship.cpp">
      <Filter>Source Files</Filter>
    </ClCompile>
    <ClCompile Include="msiblings.cpp">
      <Filter>Source Files</Filter>
    </ClCompile>
    <ClCompile Include="msortfilterproxymodel.cpp">
      <Filter>Source Files</Filter>
    </ClCompile>
    <ClCompile Include="msql.cpp">
      <Filter>Source Files</Filter>
    </ClCompile>
    <ClCompile Include="mstyler.cpp">
      <Filter>Source Files</Filter>
    </ClCompile>
    <ClCompile Include="msurgicalnotes.cpp">
      <Filter>Source Files</Filter>
    </ClCompile>
    <ClCompile Include="mymessagebox.cpp">
      <Filter>Source Files</Filter>
    </ClCompile>
    <ClCompile Include="navarrows.cpp">
      <Filter>Source Files</Filter>
    </ClCompile>
    <ClCompile Include="notifications.cpp">
      <Filter>Source Files</Filter>
    </ClCompile>
    <ClCompile Include="optimizer.cpp">
      <Filter>Source Files</Filter>
    </ClCompile>
    <ClCompile Include="patientlist.cpp">
      <Filter>Source Files</Filter>
    </ClCompile>
    <ClCompile Include="patientnamelineedit.cpp">
      <Filter>Source Files</Filter>
    </ClCompile>
    <ClCompile Include="patientnumber.cpp">
      <Filter>Source Files</Filter>
    </ClCompile>
    <ClCompile Include="patienttable.cpp">
      <Filter>Source Files</Filter>
    </ClCompile>
    <ClCompile Include="printbutton.cpp">
      <Filter>Source Files</Filter>
    </ClCompile>
    <ClCompile Include="printdialogtab.cpp">
      <Filter>Source Files</Filter>
    </ClCompile>
    <ClCompile Include="printdrugs.cpp">
      <Filter>Source Files</Filter>
    </ClCompile>
    <ClCompile Include="psdoublespinbox.cpp">
      <Filter>Source Files</Filter>
    </ClCompile>
    <ClCompile Include="psspinbox.cpp">
      <Filter>Source Files</Filter>
    </ClCompile>
    <ClCompile Include="regapp.cpp">
      <Filter>Source Files</Filter>
    </ClCompile>
    <ClCompile Include="richtexteditor.cpp">
      <Filter>Source Files</Filter>
    </ClCompile>
    <ClCompile Include="searchwidget.cpp">
      <Filter>Source Files</Filter>
    </ClCompile>
    <ClCompile Include="servicemodel.cpp">
      <Filter>Source Files</Filter>
    </ClCompile>
    <ClCompile Include="setdosedrugnamewidget.cpp">
      <Filter>Source Files</Filter>
    </ClCompile>
    <ClCompile Include="settingsclass.cpp">
      <Filter>Source Files</Filter>
    </ClCompile>
    <ClCompile Include="showaltdrugs.cpp">
      <Filter>Source Files</Filter>
    </ClCompile>
    <ClCompile Include="simplecrypt.cpp">
      <Filter>Source Files</Filter>
    </ClCompile>
    <ClCompile Include="singleinstance.cpp">
      <Filter>Source Files</Filter>
    </ClCompile>
    <ClCompile Include="smtp.cpp">
      <Filter>Source Files</Filter>
    </ClCompile>
    <ClCompile Include="spinboxdelegate.cpp">
      <Filter>Source Files</Filter>
    </ClCompile>
    <ClCompile Include="sqlbase.cpp">
      <Filter>Source Files</Filter>
    </ClCompile>
    <ClCompile Include="sqlcore.cpp">
      <Filter>Source Files</Filter>
    </ClCompile>
    <ClCompile Include="sqlextra.cpp">
      <Filter>Source Files</Filter>
    </ClCompile>
    <ClCompile Include="squeeze.cpp">
      <Filter>Source Files</Filter>
    </ClCompile>
    <ClCompile Include="styleeditorwidget.cpp">
      <Filter>Source Files</Filter>
    </ClCompile>
    <ClCompile Include="stylewidget.cpp">
      <Filter>Source Files</Filter>
    </ClCompile>
    <ClCompile Include="surgicalnoteeditor.cpp">
      <Filter>Source Files</Filter>
    </ClCompile>
    <ClCompile Include="surgicalnotes.cpp">
      <Filter>Source Files</Filter>
    </ClCompile>
    <ClCompile Include="switch.cpp">
      <Filter>Source Files</Filter>
    </ClCompile>
    <ClCompile Include="text_style_editor_widget.cpp">
      <Filter>Source Files</Filter>
    </ClCompile>
    <ClCompile Include="textedit.cpp">
      <Filter>Source Files</Filter>
    </ClCompile>
    <ClCompile Include="themerenamer.cpp">
      <Filter>Source Files</Filter>
    </ClCompile>
    <ClCompile Include="toast.cpp">
      <Filter>Source Files</Filter>
    </ClCompile>
    <ClCompile Include="userpass.cpp">
      <Filter>Source Files</Filter>
    </ClCompile>
    <ClCompile Include="visitboxswitch.cpp">
      <Filter>Source Files</Filter>
    </ClCompile>
    <ClCompile Include="visitsbox.cpp">
      <Filter>Source Files</Filter>
    </ClCompile>
    <ClCompile Include="visitslist.cpp">
      <Filter>Source Files</Filter>
    </ClCompile>
    <ClCompile Include="vitalbox.cpp">
      <Filter>Source Files</Filter>
    </ClCompile>
    <ClCompile Include="vprintbutton.cpp">
      <Filter>Source Files</Filter>
    </ClCompile>
    <ClCompile Include="vtypecombobox.cpp">
      <Filter>Source Files</Filter>
    </ClCompile>
    <ClCompile Include="w_development.cpp">
      <Filter>Source Files</Filter>
    </ClCompile>
    <ClCompile Include="w_obgyn.cpp">
      <Filter>Source Files</Filter>
    </ClCompile>
    <ClCompile Include="w_perinatal.cpp">
      <Filter>Source Files</Filter>
    </ClCompile>
    <ClCompile Include="welcomebanner.cpp">
      <Filter>Source Files</Filter>
    </ClCompile>
    <ClCompile Include="window_subwindow_widget.cpp">
      <Filter>Source Files</Filter>
    </ClCompile>
    <ClCompile Include="windowmanager.cpp">
      <Filter>Source Files</Filter>
    </ClCompile>
    <ClCompile Include="wm_add2completer.cpp">
      <Filter>Source Files</Filter>
    </ClCompile>
    <ClCompile Include="wm_completerloader.cpp">
      <Filter>Source Files</Filter>
    </ClCompile>
    <ClCompile Include="wm_drugmodelloader.cpp">
      <Filter>Source Files</Filter>
    </ClCompile>
    <ClCompile Include="wm_investtooltiploader.cpp">
      <Filter>Source Files</Filter>
    </ClCompile>
    <ClCompile Include="wm_invmodelloader.cpp">
      <Filter>Source Files</Filter>
    </ClCompile>
    <ClCompile Include="wm_mship.cpp">
      <Filter>Source Files</Filter>
    </ClCompile>
    <ClCompile Include="wm_patientnamescompleterloader.cpp">
      <Filter>Source Files</Filter>
    </ClCompile>
    <ClCompile Include="wm_texteditcompleterloader.cpp">
      <Filter>Source Files</Filter>
    </ClCompile>
    <ClCompile Include="wm_visitlistloader.cpp">
      <Filter>Source Files</Filter>
    </ClCompile>
    <ClCompile Include="wm_visitsaver.cpp">
      <Filter>Source Files</Filter>
    </ClCompile>
    <ClCompile Include="xcheckbox.cpp">
      <Filter>Source Files</Filter>
    </ClCompile>
    <ClCompile Include="xcombobox.cpp">
      <Filter>Source Files</Filter>
    </ClCompile>
    <ClCompile Include="xdatetimeedit.cpp">
      <Filter>Source Files</Filter>
    </ClCompile>
    <ClCompile Include="xlineedit.cpp">
      <Filter>Source Files</Filter>
    </ClCompile>
    <ClCompile Include="xlistwidget.cpp">
      <Filter>Source Files</Filter>
    </ClCompile>
    <ClCompile Include="xspinbox.cpp">
      <Filter>Source Files</Filter>
    </ClCompile>
    <ClCompile Include="3rdparty\zip.cpp">
      <Filter>Source Files</Filter>
    </ClCompile>
    <ClCompile Include="ztableview.cpp">
      <Filter>Source Files</Filter>
    </ClCompile>
  </ItemGroup>
  <ItemGroup>
    <QtMoc Include="aboutwindow.h">
      <Filter>Header Files</Filter>
    </QtMoc>
    <QtMoc Include="addsiblings.h">
      <Filter>Header Files</Filter>
    </QtMoc>
    <QtMoc Include="apptrayicon.h">
      <Filter>Header Files</Filter>
    </QtMoc>
    <QtMoc Include="backup.h">
      <Filter>Header Files</Filter>
    </QtMoc>
    <ClInclude Include="build.h">
      <Filter>Header Files</Filter>
    </ClInclude>
    <QtMoc Include="button_input_widget.h">
      <Filter>Header Files</Filter>
    </QtMoc>
    <QtMoc Include="checkablesortfilterproxymodel.h">
      <Filter>Header Files</Filter>
    </QtMoc>
    <QtMoc Include="clickablelabel.h">
      <Filter>Header Files</Filter>
    </QtMoc>
    <QtMoc Include="colorbutton.h">
      <Filter>Header Files</Filter>
    </QtMoc>
    <QtMoc Include="colorpicker.h">
      <Filter>Header Files</Filter>
    </QtMoc>
    <QtMoc Include="conditionsedit.h">
      <Filter>Header Files</Filter>
    </QtMoc>
    <QtMoc Include="conditionswidget.h">
      <Filter>Header Files</Filter>
    </QtMoc>
    <QtMoc Include="datahelper.h">
      <Filter>Header Files</Filter>
    </QtMoc>
    <QtMoc Include="dataiohelper.h">
      <Filter>Header Files</Filter>
    </QtMoc>
    <QtMoc Include="dboptimizer.h">
      <Filter>Header Files</Filter>
    </QtMoc>
    <QtMoc Include="dieteditor.h">
      <Filter>Header Files</Filter>
    </QtMoc>
    <QtMoc Include="drugexapnder.h">
      <Filter>Header Files</Filter>
    </QtMoc>
    <QtMoc Include="drugindex.h">
      <Filter>Header Files</Filter>
    </QtMoc>
    <QtMoc Include="drugsitemmodel.h">
      <Filter>Header Files</Filter>
    </QtMoc>
    <QtMoc Include="drugsline.h">
      <Filter>Header Files</Filter>
    </QtMoc>
    <QtMoc Include="drugstable.h">
      <Filter>Header Files</Filter>
    </QtMoc>
    <QtMoc Include="email.h">
      <Filter>Header Files</Filter>
    </QtMoc>
    <QtMoc Include="emptyprofiles.h">
      <Filter>Header Files</Filter>
    </QtMoc>
    <QtMoc Include="errorlogviewer.h">
      <Filter>Header Files</Filter>
    </QtMoc>
    <QtMoc Include="excelexport.h">
      <Filter>Header Files</Filter>
    </QtMoc>
    <QtMoc Include="expecteddeliveries.h">
      <Filter>Header Files</Filter>
    </QtMoc>
    <ClInclude Include="favouritedosedelegate.h">
      <Filter>Header Files</Filter>
    </ClInclude>
    <QtMoc Include="favouritedrugseditor.h">
      <Filter>Header Files</Filter>
    </QtMoc>
    <QtMoc Include="filegrabber.h">
      <Filter>Header Files</Filter>
    </QtMoc>
    <QtMoc Include="genericlineedit.h">
      <Filter>Header Files</Filter>
    </QtMoc>
    <QtMoc Include="genericonlinesearch.h">
      <Filter>Header Files</Filter>
    </QtMoc>
    <QtMoc Include="getinvestigationname.h">
      <Filter>Header Files</Filter>
    </QtMoc>
    <ClInclude Include="globalvariables.h">
      <Filter>Header Files</Filter>
    </ClInclude>
    <QtMoc Include="internet.h">
      <Filter>Header Files</Filter>
    </QtMoc>
    <QtMoc Include="inveslist.h">
      <Filter>Header Files</Filter>
    </QtMoc>
    <QtMoc Include="investmodel.h">
      <Filter>Header Files</Filter>
    </QtMoc>
    <QtMoc Include="investtable.h">
      <Filter>Header Files</Filter>
    </QtMoc>
    <QtMoc Include="inviconhelper.h">
      <Filter>Header Files</Filter>
    </QtMoc>
    <QtMoc Include="list_style_widget.h">
      <Filter>Header Files</Filter>
    </QtMoc>
    <QtMoc Include="listeditor.h">
      <Filter>Header Files</Filter>
    </QtMoc>
    <QtMoc Include="m_scolorbutton.h">
      <Filter>Header Files</Filter>
    </QtMoc>
    <QtMoc Include="mainwindow.h">
      <Filter>Header Files</Filter>
    </QtMoc>
    <QtMoc Include="massistant.h">
      <Filter>Header Files</Filter>
    </QtMoc>
    <QtMoc Include="mcalendarwidget.h">
      <Filter>Header Files</Filter>
    </QtMoc>
    <QtMoc Include="mcashtableview.h">
      <Filter>Header Files</Filter>
    </QtMoc>
    <QtMoc Include="mcheckbox.h">
      <Filter>Header Files</Filter>
    </QtMoc>
    <QtMoc Include="mcolorpicker.h">
      <Filter>Header Files</Filter>
    </QtMoc>
    <QtMoc Include="mcompleter.h">
      <Filter>Header Files</Filter>
    </QtMoc>
    <ClInclude Include="mdebug.h">
      <Filter>Header Files</Filter>
    </ClInclude>
    <QtMoc Include="mdialog.h">
      <Filter>Header Files</Filter>
    </QtMoc>
    <QtMoc Include="mergedlg.h">
      <Filter>Header Files</Filter>
    </QtMoc>
    <QtMoc Include="mfontcombobox.h">
      <Filter>Header Files</Filter>
    </QtMoc>
    <QtMoc Include="mgraphicsview.h">
      <Filter>Header Files</Filter>
    </QtMoc>
    <QtMoc Include="microupdater.h">
      <Filter>Header Files</Filter>
    </QtMoc>
    <QtMoc Include="miniupdater.h">
      <Filter>Header Files</Filter>
    </QtMoc>
    <QtMoc Include="mlabelmsg.h">
      <Filter>Header Files</Filter>
    </QtMoc>
    <QtMoc Include="mlineedit.h">
      <Filter>Header Files</Filter>
    </QtMoc>
    <QtMoc Include="mmessagebox.h">
      <Filter>Header Files</Filter>
    </QtMoc>
    <QtMoc Include="mpatientfilter.h">
      <Filter>Header Files</Filter>
    </QtMoc>
    <QtMoc Include="mprintpreviewdialog.h">
      <Filter>Header Files</Filter>
    </QtMoc>
    <QtMoc Include="mpushbutton.h">
      <Filter>Header Files</Filter>
    </QtMoc>
    <QtMoc Include="mrequestviewer.h">
      <Filter>Header Files</Filter>
    </QtMoc>
    <QtMoc Include="msettings.h">
      <Filter>Header Files</Filter>
    </QtMoc>
    <QtMoc Include="mship.h">
      <Filter>Header Files</Filter>
    </QtMoc>
    <QtMoc Include="msiblings.h">
      <Filter>Header Files</Filter>
    </QtMoc>
    <QtMoc Include="msortfilterproxymodel.h">
      <Filter>Header Files</Filter>
    </QtMoc>
    <QtMoc Include="msql.h">
      <Filter>Header Files</Filter>
    </QtMoc>
    <QtMoc Include="mstyler.h">
      <Filter>Header Files</Filter>
    </QtMoc>
    <QtMoc Include="msurgicalnotes.h">
      <Filter>Header Files</Filter>
    </QtMoc>
    <QtMoc Include="mymessagebox.h">
      <Filter>Header Files</Filter>
    </QtMoc>
    <QtMoc Include="navarrows.h">
      <Filter>Header Files</Filter>
    </QtMoc>
    <QtMoc Include="notifications.h">
      <Filter>Header Files</Filter>
    </QtMoc>
    <QtMoc Include="optimizer.h">
      <Filter>Header Files</Filter>
    </QtMoc>
    <QtMoc Include="patientlist.h">
      <Filter>Header Files</Filter>
    </QtMoc>
    <QtMoc Include="patientnamelineedit.h">
      <Filter>Header Files</Filter>
    </QtMoc>
    <QtMoc Include="patientnumber.h">
      <Filter>Header Files</Filter>
    </QtMoc>
    <QtMoc Include="patienttable.h">
      <Filter>Header Files</Filter>
    </QtMoc>
    <QtMoc Include="printbutton.h">
      <Filter>Header Files</Filter>
    </QtMoc>
    <QtMoc Include="printdialogtab.h">
      <Filter>Header Files</Filter>
    </QtMoc>
    <QtMoc Include="printdrugs.h">
      <Filter>Header Files</Filter>
    </QtMoc>
    <QtMoc Include="psdoublespinbox.h">
      <Filter>Header Files</Filter>
    </QtMoc>
    <QtMoc Include="psspinbox.h">
      <Filter>Header Files</Filter>
    </QtMoc>
    <QtMoc Include="regapp.h">
      <Filter>Header Files</Filter>
    </QtMoc>
    <QtMoc Include="richtexteditor.h">
      <Filter>Header Files</Filter>
    </QtMoc>
    <QtMoc Include="searchwidget.h">
      <Filter>Header Files</Filter>
    </QtMoc>
    <ClInclude Include="servicemodel.h">
      <Filter>Header Files</Filter>
    </ClInclude>
    <QtMoc Include="setdosedrugnamewidget.h">
      <Filter>Header Files</Filter>
    </QtMoc>
    <QtMoc Include="settingsclass.h">
      <Filter>Header Files</Filter>
    </QtMoc>
    <QtMoc Include="showaltdrugs.h">
      <Filter>Header Files</Filter>
    </QtMoc>
    <ClInclude Include="simplecrypt.h">
      <Filter>Header Files</Filter>
    </ClInclude>
    <QtMoc Include="singleinstance.h">
      <Filter>Header Files</Filter>
    </QtMoc>
    <QtMoc Include="smtp.h">
      <Filter>Header Files</Filter>
    </QtMoc>
    <QtMoc Include="spinboxdelegate.h">
      <Filter>Header Files</Filter>
    </QtMoc>
    <QtMoc Include="sqlbase.h">
      <Filter>Header Files</Filter>
    </QtMoc>
    <QtMoc Include="sqlcore.h">
      <Filter>Header Files</Filter>
    </QtMoc>
    <QtMoc Include="sqlextra.h">
      <Filter>Header Files</Filter>
    </QtMoc>
    <QtMoc Include="squeeze.h">
      <Filter>Header Files</Filter>
    </QtMoc>
    <ClInclude Include="staticstrings.h">
      <Filter>Header Files</Filter>
    </ClInclude>
    <QtMoc Include="styleeditorwidget.h">
      <Filter>Header Files</Filter>
    </QtMoc>
    <QtMoc Include="stylewidget.h">
      <Filter>Header Files</Filter>
    </QtMoc>
    <QtMoc Include="surgicalnoteeditor.h">
      <Filter>Header Files</Filter>
    </QtMoc>
    <QtMoc Include="surgicalnotes.h">
      <Filter>Header Files</Filter>
    </QtMoc>
    <QtMoc Include="switch.h">
      <Filter>Header Files</Filter>
    </QtMoc>
    <QtMoc Include="text_style_editor_widget.h">
      <Filter>Header Files</Filter>
    </QtMoc>
    <QtMoc Include="textedit.h">
      <Filter>Header Files</Filter>
    </QtMoc>
    <QtMoc Include="themerenamer.h">
      <Filter>Header Files</Filter>
    </QtMoc>
    <QtMoc Include="toast.h">
      <Filter>Header Files</Filter>
    </QtMoc>
    <QtMoc Include="userpass.h">
      <Filter>Header Files</Filter>
    </QtMoc>
    <QtMoc Include="visitboxswitch.h">
      <Filter>Header Files</Filter>
    </QtMoc>
    <QtMoc Include="visitsbox.h">
      <Filter>Header Files</Filter>
    </QtMoc>
    <QtMoc Include="visitslist.h">
      <Filter>Header Files</Filter>
    </QtMoc>
    <QtMoc Include="vitalbox.h">
      <Filter>Header Files</Filter>
    </QtMoc>
    <QtMoc Include="vprintbutton.h">
      <Filter>Header Files</Filter>
    </QtMoc>
    <QtMoc Include="vtypecombobox.h">
      <Filter>Header Files</Filter>
    </QtMoc>
    <QtMoc Include="w_development.h">
      <Filter>Header Files</Filter>
    </QtMoc>
    <QtMoc Include="w_obgyn.h">
      <Filter>Header Files</Filter>
    </QtMoc>
    <QtMoc Include="w_perinatal.h">
      <Filter>Header Files</Filter>
    </QtMoc>
    <QtMoc Include="welcomebanner.h">
      <Filter>Header Files</Filter>
    </QtMoc>
    <QtMoc Include="window_subwindow_widget.h">
      <Filter>Header Files</Filter>
    </QtMoc>
    <QtMoc Include="windowmanager.h">
      <Filter>Header Files</Filter>
    </QtMoc>
    <QtMoc Include="wm_add2completer.h">
      <Filter>Header Files</Filter>
    </QtMoc>
    <QtMoc Include="wm_completerloader.h">
      <Filter>Header Files</Filter>
    </QtMoc>
    <QtMoc Include="wm_drugmodelloader.h">
      <Filter>Header Files</Filter>
    </QtMoc>
    <QtMoc Include="wm_investtooltiploader.h">
      <Filter>Header Files</Filter>
    </QtMoc>
    <QtMoc Include="wm_invmodelloader.h">
      <Filter>Header Files</Filter>
    </QtMoc>
    <QtMoc Include="wm_mship.h">
      <Filter>Header Files</Filter>
    </QtMoc>
    <QtMoc Include="wm_patientnamescompleterloader.h">
      <Filter>Header Files</Filter>
    </QtMoc>
    <QtMoc Include="wm_texteditcompleterloader.h">
      <Filter>Header Files</Filter>
    </QtMoc>
    <QtMoc Include="wm_visitlistloader.h">
      <Filter>Header Files</Filter>
    </QtMoc>
    <QtMoc Include="wm_visitsaver.h">
      <Filter>Header Files</Filter>
    </QtMoc>
    <QtMoc Include="xcheckbox.h">
      <Filter>Header Files</Filter>
    </QtMoc>
    <QtMoc Include="xcombobox.h">
      <Filter>Header Files</Filter>
    </QtMoc>
    <QtMoc Include="xdatetimeedit.h">
      <Filter>Header Files</Filter>
    </QtMoc>
    <QtMoc Include="xlineedit.h">
      <Filter>Header Files</Filter>
    </QtMoc>
    <QtMoc Include="xlistwidget.h">
      <Filter>Header Files</Filter>
    </QtMoc>
    <QtMoc Include="xspinbox.h">
      <Filter>Header Files</Filter>
    </QtMoc>
    <ClInclude Include="3rdparty\zconf.h">
      <Filter>Header Files</Filter>
    </ClInclude>
    <ClInclude Include="3rdparty\zipreader.h">
      <Filter>Header Files</Filter>
    </ClInclude>
    <ClInclude Include="3rdparty\zipwriter.h">
      <Filter>Header Files</Filter>
    </ClInclude>
    <ClInclude Include="3rdparty\zlib.h">
      <Filter>Header Files</Filter>
    </ClInclude>
    <QtMoc Include="ztableview.h">
      <Filter>Header Files</Filter>
    </QtMoc>
  </ItemGroup>
  <ItemGroup>
    <CustomBuild Include="debug\moc_predefs.h.cbt">
      <Filter>Generated Files</Filter>
    </CustomBuild>
    <CustomBuild Include="release\moc_predefs.h.cbt">
      <Filter>Generated Files</Filter>
    </CustomBuild>
    <ClInclude Include="ui_aboutwindow.h">
      <Filter>Generated Files</Filter>
    </ClInclude>
    <ClInclude Include="ui_addsiblings.h">
      <Filter>Generated Files</Filter>
    </ClInclude>
    <ClInclude Include="ui_backup.h">
      <Filter>Generated Files</Filter>
    </ClInclude>
    <ClInclude Include="ui_button_input_widget.h">
      <Filter>Generated Files</Filter>
    </ClInclude>
    <ClInclude Include="ui_colorpicker.h">
      <Filter>Generated Files</Filter>
    </ClInclude>
    <ClInclude Include="ui_conditionsedit.h">
      <Filter>Generated Files</Filter>
    </ClInclude>
    <ClInclude Include="ui_dboptimizer.h">
      <Filter>Generated Files</Filter>
    </ClInclude>
    <ClInclude Include="ui_dieteditor.h">
      <Filter>Generated Files</Filter>
    </ClInclude>
    <ClInclude Include="ui_drugexapnder.h">
      <Filter>Generated Files</Filter>
    </ClInclude>
    <ClInclude Include="ui_drugindex.h">
      <Filter>Generated Files</Filter>
    </ClInclude>
    <ClInclude Include="ui_emptyprofiles.h">
      <Filter>Generated Files</Filter>
    </ClInclude>
    <ClInclude Include="ui_errorlogviewer.h">
      <Filter>Generated Files</Filter>
    </ClInclude>
    <ClInclude Include="ui_expecteddeliveries.h">
      <Filter>Generated Files</Filter>
    </ClInclude>
    <ClInclude Include="ui_favouritedrugseditor.h">
      <Filter>Generated Files</Filter>
    </ClInclude>
    <ClInclude Include="ui_genericonlinesearch.h">
      <Filter>Generated Files</Filter>
    </ClInclude>
    <ClInclude Include="ui_getinvestigationname.h">
      <Filter>Generated Files</Filter>
    </ClInclude>
    <ClInclude Include="ui_inveslist.h">
      <Filter>Generated Files</Filter>
    </ClInclude>
    <ClInclude Include="ui_list_style_widget.h">
      <Filter>Generated Files</Filter>
    </ClInclude>
    <ClInclude Include="ui_listeditor.h">
      <Filter>Generated Files</Filter>
    </ClInclude>
    <ClInclude Include="ui_mainwindow.h">
      <Filter>Generated Files</Filter>
    </ClInclude>
    <ClInclude Include="ui_massistant.h">
      <Filter>Generated Files</Filter>
    </ClInclude>
    <ClInclude Include="ui_mergedlg.h">
      <Filter>Generated Files</Filter>
    </ClInclude>
    <ClInclude Include="ui_miniupdater.h">
      <Filter>Generated Files</Filter>
    </ClInclude>
    <ClInclude Include="ui_mrequestviewer.h">
      <Filter>Generated Files</Filter>
    </ClInclude>
    <ClInclude Include="ui_notifications.h">
      <Filter>Generated Files</Filter>
    </ClInclude>
    <ClInclude Include="ui_patientlist.h">
      <Filter>Generated Files</Filter>
    </ClInclude>
    <ClInclude Include="ui_printdrugs.h">
      <Filter>Generated Files</Filter>
    </ClInclude>
    <ClInclude Include="ui_richtexteditor.h">
      <Filter>Generated Files</Filter>
    </ClInclude>
    <ClInclude Include="ui_searchwidget.h">
      <Filter>Generated Files</Filter>
    </ClInclude>
    <ClInclude Include="ui_settingsclass.h">
      <Filter>Generated Files</Filter>
    </ClInclude>
    <ClInclude Include="ui_showaltdrugs.h">
      <Filter>Generated Files</Filter>
    </ClInclude>
    <ClInclude Include="ui_stylewidget.h">
      <Filter>Generated Files</Filter>
    </ClInclude>
    <ClInclude Include="ui_surgicalnoteeditor.h">
      <Filter>Generated Files</Filter>
    </ClInclude>
    <ClInclude Include="ui_surgicalnotes.h">
      <Filter>Generated Files</Filter>
    </ClInclude>
    <ClInclude Include="ui_text_style_editor_widget.h">
      <Filter>Generated Files</Filter>
    </ClInclude>
    <ClInclude Include="ui_themerenamer.h">
      <Filter>Generated Files</Filter>
    </ClInclude>
    <ClInclude Include="ui_userpass.h">
      <Filter>Generated Files</Filter>
    </ClInclude>
    <ClInclude Include="ui_visitsbox.h">
      <Filter>Generated Files</Filter>
    </ClInclude>
    <ClInclude Include="ui_w_development.h">
      <Filter>Generated Files</Filter>
    </ClInclude>
    <ClInclude Include="ui_w_obgyn.h">
      <Filter>Generated Files</Filter>
    </ClInclude>
    <ClInclude Include="ui_w_perinatal.h">
      <Filter>Generated Files</Filter>
    </ClInclude>
    <ClInclude Include="ui_welcomebanner.h">
      <Filter>Generated Files</Filter>
    </ClInclude>
    <ClInclude Include="ui_window_subwindow_widget.h">
      <Filter>Generated Files</Filter>
    </ClInclude>
  </ItemGroup>
  <ItemGroup>
    <QtUic Include="aboutwindow.ui">
      <Filter>Form Files</Filter>
    </QtUic>
    <QtUic Include="addsiblings.ui">
      <Filter>Form Files</Filter>
    </QtUic>
    <QtUic Include="backup.ui">
      <Filter>Form Files</Filter>
    </QtUic>
    <QtUic Include="button_input_widget.ui">
      <Filter>Form Files</Filter>
    </QtUic>
    <QtUic Include="colorpicker.ui">
      <Filter>Form Files</Filter>
    </QtUic>
    <QtUic Include="conditionsedit.ui">
      <Filter>Form Files</Filter>
    </QtUic>
    <QtUic Include="dboptimizer.ui">
      <Filter>Form Files</Filter>
    </QtUic>
    <QtUic Include="dieteditor.ui">
      <Filter>Form Files</Filter>
    </QtUic>
    <QtUic Include="drugexapnder.ui">
      <Filter>Form Files</Filter>
    </QtUic>
    <QtUic Include="drugindex.ui">
      <Filter>Form Files</Filter>
    </QtUic>
    <QtUic Include="emptyprofiles.ui">
      <Filter>Form Files</Filter>
    </QtUic>
    <QtUic Include="errorlogviewer.ui">
      <Filter>Form Files</Filter>
    </QtUic>
    <QtUic Include="expecteddeliveries.ui">
      <Filter>Form Files</Filter>
    </QtUic>
    <QtUic Include="favouritedrugseditor.ui">
      <Filter>Form Files</Filter>
    </QtUic>
    <QtUic Include="genericonlinesearch.ui">
      <Filter>Form Files</Filter>
    </QtUic>
    <QtUic Include="getinvestigationname.ui">
      <Filter>Form Files</Filter>
    </QtUic>
    <QtUic Include="inveslist.ui">
      <Filter>Form Files</Filter>
    </QtUic>
    <QtUic Include="list_style_widget.ui">
      <Filter>Form Files</Filter>
    </QtUic>
    <QtUic Include="listeditor.ui">
      <Filter>Form Files</Filter>
    </QtUic>
    <QtUic Include="mainwindow.ui">
      <Filter>Form Files</Filter>
    </QtUic>
    <QtUic Include="massistant.ui">
      <Filter>Form Files</Filter>
    </QtUic>
    <QtUic Include="mergedlg.ui">
      <Filter>Form Files</Filter>
    </QtUic>
    <QtUic Include="miniupdater.ui">
      <Filter>Form Files</Filter>
    </QtUic>
    <QtUic Include="mrequestviewer.ui">
      <Filter>Form Files</Filter>
    </QtUic>
    <QtUic Include="notifications.ui">
      <Filter>Form Files</Filter>
    </QtUic>
    <QtUic Include="patientlist.ui">
      <Filter>Form Files</Filter>
    </QtUic>
    <QtUic Include="printdrugs.ui">
      <Filter>Form Files</Filter>
    </QtUic>
    <QtUic Include="richtexteditor.ui">
      <Filter>Form Files</Filter>
    </QtUic>
    <QtUic Include="searchwidget.ui">
      <Filter>Form Files</Filter>
    </QtUic>
    <QtUic Include="settingsclass.ui">
      <Filter>Form Files</Filter>
    </QtUic>
    <QtUic Include="showaltdrugs.ui">
      <Filter>Form Files</Filter>
    </QtUic>
    <QtUic Include="stylewidget.ui">
      <Filter>Form Files</Filter>
    </QtUic>
    <QtUic Include="surgicalnoteeditor.ui">
      <Filter>Form Files</Filter>
    </QtUic>
    <QtUic Include="surgicalnotes.ui">
      <Filter>Form Files</Filter>
    </QtUic>
    <QtUic Include="text_style_editor_widget.ui">
      <Filter>Form Files</Filter>
    </QtUic>
    <QtUic Include="themerenamer.ui">
      <Filter>Form Files</Filter>
    </QtUic>
    <QtUic Include="userpass.ui">
      <Filter>Form Files</Filter>
    </QtUic>
    <QtUic Include="visitsbox.ui">
      <Filter>Form Files</Filter>
    </QtUic>
    <QtUic Include="w_development.ui">
      <Filter>Form Files</Filter>
    </QtUic>
    <QtUic Include="w_obgyn.ui">
      <Filter>Form Files</Filter>
    </QtUic>
    <QtUic Include="w_perinatal.ui">
      <Filter>Form Files</Filter>
    </QtUic>
    <QtUic Include="welcomebanner.ui">
      <Filter>Form Files</Filter>
    </QtUic>
    <QtUic Include="window_subwindow_widget.ui">
      <Filter>Form Files</Filter>
    </QtUic>
  </ItemGroup>
  <ItemGroup>
    <None Include="Graphics\Caps-8x.png">
      <Filter>Resource Files</Filter>
    </None>
    <None Include="Graphics\FVISIT.png">
      <Filter>Resource Files</Filter>
    </None>
    <None Include="Graphics\FreeVisit.png">
      <Filter>Resource Files</Filter>
    </None>
    <None Include="Graphics\NEWVISIT.png">
      <Filter>Resource Files</Filter>
    </None>
    <None Include="audio\Notify.wav">
      <Filter>Resource Files</Filter>
    </None>
    <None Include="Graphics\Red-Skull-icon.png">
      <Filter>Resource Files</Filter>
    </None>
    <None Include="Graphics\action-redo-8x.png">
      <Filter>Resource Files</Filter>
    </None>
    <None Include="Graphics\action-undo-8x.png">
      <Filter>Resource Files</Filter>
    </None>
    <None Include="Graphics\align-center-8x.png">
      <Filter>Resource Files</Filter>
    </None>
    <None Include="Graphics\align-left-8x.png">
      <Filter>Resource Files</Filter>
    </None>
    <None Include="Graphics\align-right-8x.png">
      <Filter>Resource Files</Filter>
    </None>
    <None Include="ionicons\android-earth.png">
      <Filter>Resource Files</Filter>
    </None>
    <None Include="ionicons\android-hand.png">
      <Filter>Resource Files</Filter>
    </None>
    <None Include="Graphics\appicon.ico">
      <Filter>Resource Files</Filter>
    </None>
    <None Include="Graphics\applogo.png">
      <Filter>Resource Files</Filter>
    </None>
    <None Include="Graphics\arrow-circle-bottom-8x.png">
      <Filter>Resource Files</Filter>
    </None>
    <None Include="ionicons\arrow-right-b.png">
      <Filter>Resource Files</Filter>
    </None>
    <None Include="Banner\banner3.png">
      <Filter>Resource Files</Filter>
    </None>
    <None Include="Graphics\beaker-8x.png">
      <Filter>Resource Files</Filter>
    </None>
    <None Include="Graphics\bold-8x.png">
      <Filter>Resource Files</Filter>
    </None>
    <None Include="Graphics\bolt-8x.png">
      <Filter>Resource Files</Filter>
    </None>
    <None Include="Graphics\browser-8x.png">
      <Filter>Resource Files</Filter>
    </None>
    <None Include="Graphics\brush-8x.png">
      <Filter>Resource Files</Filter>
    </None>
    <None Include="ionicons\bug.png">
      <Filter>Resource Files</Filter>
    </None>
    <None Include="ionicons\checkmark-circled.png">
      <Filter>Resource Files</Filter>
    </None>
    <None Include="Graphics\chevron-bottom-8x.png">
      <Filter>Resource Files</Filter>
    </None>
    <None Include="Graphics\chevron-left-8x.png">
      <Filter>Resource Files</Filter>
    </None>
    <None Include="Graphics\chevron-right-8x.png">
      <Filter>Resource Files</Filter>
    </None>
    <None Include="Graphics\chevron-top-8x.png">
      <Filter>Resource Files</Filter>
    </None>
    <None Include="Graphics\circle-check-8x.png">
      <Filter>Resource Files</Filter>
    </None>
    <None Include="Graphics\circle-x-8x.png">
      <Filter>Resource Files</Filter>
    </None>
    <None Include="ionicons\clock.png">
      <Filter>Resource Files</Filter>
    </None>
    <None Include="ionicons\close-round.png">
      <Filter>Resource Files</Filter>
    </None>
    <None Include="ionicons\close.png">
      <Filter>Resource Files</Filter>
    </None>
    <None Include="Graphics\cog-8x.png">
      <Filter>Resource Files</Filter>
    </None>
    <None Include="Graphics\command-8x.png">
      <Filter>Resource Files</Filter>
    </None>
    <None Include="Graphics\compass-8x.png">
      <Filter>Resource Files</Filter>
    </None>
    <None Include="Graphics\copy.png">
      <Filter>Resource Files</Filter>
    </None>
    <None Include="Graphics\copywriting-8x.png">
      <Filter>Resource Files</Filter>
    </None>
    <None Include="Graphics\cut.png">
      <Filter>Resource Files</Filter>
    </None>
    <None Include="Graphics\dashboard-8x.png">
      <Filter>Resource Files</Filter>
    </None>
    <None Include="Graphics\delete-8x.png">
      <Filter>Resource Files</Filter>
    </None>
    <None Include="Graphics\document-8x.png">
      <Filter>Resource Files</Filter>
    </None>
    <None Include="Graphics\dollar-8x.png">
      <Filter>Resource Files</Filter>
    </None>
    <None Include="drugsIndex.db">
      <Filter>Resource Files</Filter>
    </None>
    <None Include="Graphics\envelope-closed-8x.png">
      <Filter>Resource Files</Filter>
    </None>
    <None Include="Graphics\eye-8x.png">
      <Filter>Resource Files</Filter>
    </None>
    <None Include="Graphics\flash-8x.png">
      <Filter>Resource Files</Filter>
    </None>
    <None Include="Graphics\globe-8x.png">
      <Filter>Resource Files</Filter>
    </None>
    <None Include="Graphics\header-8x.png">
      <Filter>Resource Files</Filter>
    </None>
    <None Include="Graphics\heart-8x.png">
      <Filter>Resource Files</Filter>
    </None>
    <None Include="Graphics\home-8x.png">
      <Filter>Resource Files</Filter>
    </None>
    <None Include="Graphics\infinity-8x.png">
      <Filter>Resource Files</Filter>
    </None>
    <None Include="Graphics\info-8x.png">
      <Filter>Resource Files</Filter>
    </None>
    <None Include="ionicons\ios7-email.png">
      <Filter>Resource Files</Filter>
    </None>
    <None Include="ionicons\ios7-pause.png">
      <Filter>Resource Files</Filter>
    </None>
    <None Include="ionicons\ios7-pricetag.png">
      <Filter>Resource Files</Filter>
    </None>
    <None Include="Graphics\italic-8x.png">
      <Filter>Resource Files</Filter>
    </None>
    <None Include="Graphics\key-8x.png">
      <Filter>Resource Files</Filter>
    </None>
    <None Include="ionicons\leaf.png">
      <Filter>Resource Files</Filter>
    </None>
    <None Include="light.ini">
      <Filter>Resource Files</Filter>
    </None>
    <None Include="Graphics\list-8x.png">
      <Filter>Resource Files</Filter>
    </None>
    <None Include="Graphics\loader.gif">
      <Filter>Resource Files</Filter>
    </None>
    <None Include="Graphics\location-8x.png">
      <Filter>Resource Files</Filter>
    </None>
    <None Include="Graphics\lock-locked-8x.png">
      <Filter>Resource Files</Filter>
    </None>
    <None Include="Graphics\lock-unlocked-8x.png">
      <Filter>Resource Files</Filter>
    </None>
    <None Include="Graphics\loop-circular-8x.png">
      <Filter>Resource Files</Filter>
    </None>
    <None Include="Graphics\magnifying-glass-8x.png">
      <Filter>Resource Files</Filter>
    </None>
    <None Include="ionicons\merge.png">
      <Filter>Resource Files</Filter>
    </None>
    <None Include="Graphics\min-8x.png">
      <Filter>Resource Files</Filter>
    </None>
    <None Include="ionicons\minus-round.png">
      <Filter>Resource Files</Filter>
    </None>
    <None Include="ionicons\more.png">
      <Filter>Resource Files</Filter>
    </None>
    <None Include="Graphics\paperclip-8x.png">
      <Filter>Resource Files</Filter>
    </None>
    <None Include="Graphics\paste.png">
      <Filter>Resource Files</Filter>
    </None>
    <None Include="Graphics\pencil-8x.png">
      <Filter>Resource Files</Filter>
    </None>
    <None Include="Graphics\person-8x.png">
      <Filter>Resource Files</Filter>
    </None>
    <None Include="Graphics\plus-8x.png">
      <Filter>Resource Files</Filter>
    </None>
    <None Include="ionicons\plus-round.png">
      <Filter>Resource Files</Filter>
    </None>
    <None Include="Graphics\print-8x.png">
      <Filter>Resource Files</Filter>
    </None>
    <None Include="Graphics\puzzle-piece-8x.png">
      <Filter>Resource Files</Filter>
    </None>
    <None Include="ionicons\refresh.png">
      <Filter>Resource Files</Filter>
    </None>
    <QtRcc Include="resources.qrc">
      <Filter>Resource Files</Filter>
    </QtRcc>
    <None Include="Graphics\shield-8x.png">
      <Filter>Resource Files</Filter>
    </None>
    <None Include="ionicons\social-usd.png">
      <Filter>Resource Files</Filter>
    </None>
    <None Include="Graphics\spreadsheet-8x.png">
      <Filter>Resource Files</Filter>
    </None>
    <None Include="Graphics\strike.png">
      <Filter>Resource Files</Filter>
    </None>
    <None Include="styleSheet.css">
      <Filter>Resource Files</Filter>
    </None>
    <None Include="Graphics\target-8x.png">
      <Filter>Resource Files</Filter>
    </None>
    <None Include="Graphics\task-8x.png">
      <Filter>Resource Files</Filter>
    </None>
    <None Include="Graphics\task-8xd.png">
      <Filter>Resource Files</Filter>
    </None>
    <None Include="ionicons\thumbsup.png">
      <Filter>Resource Files</Filter>
    </None>
    <None Include="Graphics\timer-8x.png">
      <Filter>Resource Files</Filter>
    </None>
    <None Include="Graphics\trash-8x.png">
      <Filter>Resource Files</Filter>
    </None>
    <None Include="ionicons\trash-b.png">
      <Filter>Resource Files</Filter>
    </None>
    <None Include="Graphics\underline-8x.png">
      <Filter>Resource Files</Filter>
    </None>
    <None Include="Graphics\wrench-8x.png">
      <Filter>Resource Files</Filter>
    </None>
    <None Include="Graphics\x-8x.png">
      <Filter>Resource Files</Filter>
    </None>
    <None Include="Graphics\x-8xw.png">
      <Filter>Resource Files</Filter>
    </None>
    <None Include="Graphics\AppIcon.ico" />
    <None Include="Graphics\AppIcon.ico" />
    <None Include="Graphics\AppIcon.ico" />
  </ItemGroup>
  <ItemGroup>
    <None Include="Graphics\AppIcon.ico">
      <Filter>Distribution Files</Filter>
    </None>
    <None Include="BLUEPRINT.txt">
      <Filter>Distribution Files</Filter>
    </None>
    <None Include="README.md">
      <Filter>Distribution Files</Filter>
    </None>
    <None Include="build_inc.bat">
      <Filter>Distribution Files</Filter>
    </None>
    <None Include="Graphics\newAppIcon.ico">
      <Filter>Distribution Files</Filter>
    </None>
  </ItemGroup>
  <ItemGroup>
    <ResourceCompile Include="MyApplication.rc" />
  </ItemGroup>
</Project>